
Microsoft Visual Studio Solution File, Format Version 12.00
# Visual Studio 2013
VisualStudioVersion = 12.0.30723.0
MinimumVisualStudioVersion = 10.0.40219.1
Project("{FAE04EC0-301F-11D3-BF4B-00C04F79EFBC}") = "SMD.Repository", "Repository\SMD.Repository.csproj", "{852BDC39-3388-4CB1-A959-F3BD06E9DF92}"
EndProject
Project("{FAE04EC0-301F-11D3-BF4B-00C04F79EFBC}") = "SMD.Interfaces", "Interfaces\SMD.Interfaces.csproj", "{98F7A831-6D93-48E9-950F-623772AA607A}"
EndProject
Project("{FAE04EC0-301F-11D3-BF4B-00C04F79EFBC}") = "SMD.Models", "Models\SMD.Models.csproj", "{81067904-2176-4648-87AB-014B0D76B85E}"
EndProject
Project("{FAE04EC0-301F-11D3-BF4B-00C04F79EFBC}") = "SMD.Implementation", "Implementation\SMD.Implementation.csproj", "{42D2E6C0-74F1-46FB-B7BA-43251156275D}"
EndProject
Project("{FAE04EC0-301F-11D3-BF4B-00C04F79EFBC}") = "SMD.WebBase", "WebBase\SMD.WebBase.csproj", "{BCB8BCFD-0163-430C-8088-224074D6E384}"
EndProject
Project("{FAE04EC0-301F-11D3-BF4B-00C04F79EFBC}") = "SMD.ExceptionHandling", "ExceptionHandling\SMD.ExceptionHandling.csproj", "{5A6ACD2D-0701-4E38-99B7-65CC4E6CB8E8}"
EndProject
Project("{2150E333-8FDC-42A3-9474-1A3956D46DE8}") = "Solution Items", "Solution Items", "{3AD62C55-B413-47D5-83DF-7CCD3B40AFC5}"
EndProject
Project("{FAE04EC0-301F-11D3-BF4B-00C04F79EFBC}") = "SMD.MIS", "SMD.Web\SMD.MIS.csproj", "{426080DD-D8CB-49F2-9645-DFD962ADFFDF}"
EndProject
Project("{00D1A9C2-B5F0-4AF3-8072-F6C62B433612}") = "SMD.Database", "SMDDatabase\SMD.Database.sqlproj", "{B8A8F2DD-DE07-4F2D-A1D9-B9DBB01FD375}"
EndProject
Project("{FAE04EC0-301F-11D3-BF4B-00C04F79EFBC}") = "SMD.Common", "SMD.Common\SMD.Common.csproj", "{4BA9E712-F447-4A6B-BAE6-18EEB43087C6}"
EndProject
Project("{FAE04EC0-301F-11D3-BF4B-00C04F79EFBC}") = "Cash4Ads", "Cash4Ads\Cash4Ads.csproj", "{1279DEE1-F226-4739-BEC8-B290371779F7}"
EndProject
Project("{FAE04EC0-301F-11D3-BF4B-00C04F79EFBC}") = "DomainModelProject", "DomainModelProject\DomainModelProject.csproj", "{87FEE8D6-72C2-4B47-95FE-A563B7F659F9}"
EndProject
Global
	GlobalSection(SolutionConfigurationPlatforms) = preSolution
		Debug|Any CPU = Debug|Any CPU
		Debug|x86 = Debug|x86
		Release|Any CPU = Release|Any CPU
		Release|x86 = Release|x86
	EndGlobalSection
	GlobalSection(ProjectConfigurationPlatforms) = postSolution
		{852BDC39-3388-4CB1-A959-F3BD06E9DF92}.Debug|Any CPU.ActiveCfg = Debug|Any CPU
		{852BDC39-3388-4CB1-A959-F3BD06E9DF92}.Debug|Any CPU.Build.0 = Debug|Any CPU
		{852BDC39-3388-4CB1-A959-F3BD06E9DF92}.Debug|x86.ActiveCfg = Debug|Any CPU
		{852BDC39-3388-4CB1-A959-F3BD06E9DF92}.Release|Any CPU.ActiveCfg = Release|Any CPU
		{852BDC39-3388-4CB1-A959-F3BD06E9DF92}.Release|Any CPU.Build.0 = Release|Any CPU
		{852BDC39-3388-4CB1-A959-F3BD06E9DF92}.Release|x86.ActiveCfg = Release|Any CPU
		{98F7A831-6D93-48E9-950F-623772AA607A}.Debug|Any CPU.ActiveCfg = Debug|Any CPU
		{98F7A831-6D93-48E9-950F-623772AA607A}.Debug|Any CPU.Build.0 = Debug|Any CPU
		{98F7A831-6D93-48E9-950F-623772AA607A}.Debug|x86.ActiveCfg = Debug|Any CPU
		{98F7A831-6D93-48E9-950F-623772AA607A}.Release|Any CPU.ActiveCfg = Release|Any CPU
		{98F7A831-6D93-48E9-950F-623772AA607A}.Release|Any CPU.Build.0 = Release|Any CPU
		{98F7A831-6D93-48E9-950F-623772AA607A}.Release|x86.ActiveCfg = Release|Any CPU
		{81067904-2176-4648-87AB-014B0D76B85E}.Debug|Any CPU.ActiveCfg = Debug|Any CPU
		{81067904-2176-4648-87AB-014B0D76B85E}.Debug|Any CPU.Build.0 = Debug|Any CPU
		{81067904-2176-4648-87AB-014B0D76B85E}.Debug|x86.ActiveCfg = Debug|Any CPU
		{81067904-2176-4648-87AB-014B0D76B85E}.Release|Any CPU.ActiveCfg = Release|Any CPU
		{81067904-2176-4648-87AB-014B0D76B85E}.Release|Any CPU.Build.0 = Release|Any CPU
		{81067904-2176-4648-87AB-014B0D76B85E}.Release|x86.ActiveCfg = Release|Any CPU
		{42D2E6C0-74F1-46FB-B7BA-43251156275D}.Debug|Any CPU.ActiveCfg = Debug|Any CPU
		{42D2E6C0-74F1-46FB-B7BA-43251156275D}.Debug|Any CPU.Build.0 = Debug|Any CPU
		{42D2E6C0-74F1-46FB-B7BA-43251156275D}.Debug|x86.ActiveCfg = Debug|Any CPU
		{42D2E6C0-74F1-46FB-B7BA-43251156275D}.Release|Any CPU.ActiveCfg = Release|Any CPU
		{42D2E6C0-74F1-46FB-B7BA-43251156275D}.Release|Any CPU.Build.0 = Release|Any CPU
		{42D2E6C0-74F1-46FB-B7BA-43251156275D}.Release|x86.ActiveCfg = Release|Any CPU
		{BCB8BCFD-0163-430C-8088-224074D6E384}.Debug|Any CPU.ActiveCfg = Debug|Any CPU
		{BCB8BCFD-0163-430C-8088-224074D6E384}.Debug|Any CPU.Build.0 = Debug|Any CPU
		{BCB8BCFD-0163-430C-8088-224074D6E384}.Debug|x86.ActiveCfg = Debug|Any CPU
		{BCB8BCFD-0163-430C-8088-224074D6E384}.Release|Any CPU.ActiveCfg = Release|Any CPU
		{BCB8BCFD-0163-430C-8088-224074D6E384}.Release|Any CPU.Build.0 = Release|Any CPU
		{BCB8BCFD-0163-430C-8088-224074D6E384}.Release|x86.ActiveCfg = Release|Any CPU
		{5A6ACD2D-0701-4E38-99B7-65CC4E6CB8E8}.Debug|Any CPU.ActiveCfg = Debug|Any CPU
		{5A6ACD2D-0701-4E38-99B7-65CC4E6CB8E8}.Debug|Any CPU.Build.0 = Debug|Any CPU
		{5A6ACD2D-0701-4E38-99B7-65CC4E6CB8E8}.Debug|x86.ActiveCfg = Debug|Any CPU
		{5A6ACD2D-0701-4E38-99B7-65CC4E6CB8E8}.Release|Any CPU.ActiveCfg = Release|Any CPU
		{5A6ACD2D-0701-4E38-99B7-65CC4E6CB8E8}.Release|Any CPU.Build.0 = Release|Any CPU
		{5A6ACD2D-0701-4E38-99B7-65CC4E6CB8E8}.Release|x86.ActiveCfg = Release|Any CPU
		{426080DD-D8CB-49F2-9645-DFD962ADFFDF}.Debug|Any CPU.ActiveCfg = Debug|Any CPU
		{426080DD-D8CB-49F2-9645-DFD962ADFFDF}.Debug|Any CPU.Build.0 = Debug|Any CPU
		{426080DD-D8CB-49F2-9645-DFD962ADFFDF}.Debug|x86.ActiveCfg = Debug|Any CPU
		{426080DD-D8CB-49F2-9645-DFD962ADFFDF}.Release|Any CPU.ActiveCfg = Release|Any CPU
		{426080DD-D8CB-49F2-9645-DFD962ADFFDF}.Release|Any CPU.Build.0 = Release|Any CPU
		{426080DD-D8CB-49F2-9645-DFD962ADFFDF}.Release|x86.ActiveCfg = Release|Any CPU
		{B8A8F2DD-DE07-4F2D-A1D9-B9DBB01FD375}.Debug|Any CPU.ActiveCfg = Debug|Any CPU
		{B8A8F2DD-DE07-4F2D-A1D9-B9DBB01FD375}.Debug|Any CPU.Build.0 = Debug|Any CPU
		{B8A8F2DD-DE07-4F2D-A1D9-B9DBB01FD375}.Debug|Any CPU.Deploy.0 = Debug|Any CPU
		{B8A8F2DD-DE07-4F2D-A1D9-B9DBB01FD375}.Debug|x86.ActiveCfg = Debug|Any CPU
		{B8A8F2DD-DE07-4F2D-A1D9-B9DBB01FD375}.Release|Any CPU.ActiveCfg = Release|Any CPU
		{B8A8F2DD-DE07-4F2D-A1D9-B9DBB01FD375}.Release|Any CPU.Build.0 = Release|Any CPU
		{B8A8F2DD-DE07-4F2D-A1D9-B9DBB01FD375}.Release|Any CPU.Deploy.0 = Release|Any CPU
		{B8A8F2DD-DE07-4F2D-A1D9-B9DBB01FD375}.Release|x86.ActiveCfg = Release|Any CPU
		{4BA9E712-F447-4A6B-BAE6-18EEB43087C6}.Debug|Any CPU.ActiveCfg = Debug|Any CPU
		{4BA9E712-F447-4A6B-BAE6-18EEB43087C6}.Debug|Any CPU.Build.0 = Debug|Any CPU
		{4BA9E712-F447-4A6B-BAE6-18EEB43087C6}.Debug|x86.ActiveCfg = Debug|Any CPU
		{4BA9E712-F447-4A6B-BAE6-18EEB43087C6}.Release|Any CPU.ActiveCfg = Release|Any CPU
		{4BA9E712-F447-4A6B-BAE6-18EEB43087C6}.Release|Any CPU.Build.0 = Release|Any CPU
		{4BA9E712-F447-4A6B-BAE6-18EEB43087C6}.Release|x86.ActiveCfg = Release|Any CPU
		{1279DEE1-F226-4739-BEC8-B290371779F7}.Debug|Any CPU.ActiveCfg = Debug|Any CPU
		{1279DEE1-F226-4739-BEC8-B290371779F7}.Debug|Any CPU.Build.0 = Debug|Any CPU
		{1279DEE1-F226-4739-BEC8-B290371779F7}.Debug|x86.ActiveCfg = Debug|Any CPU
		{1279DEE1-F226-4739-BEC8-B290371779F7}.Release|Any CPU.ActiveCfg = Release|Any CPU
		{1279DEE1-F226-4739-BEC8-B290371779F7}.Release|Any CPU.Build.0 = Release|Any CPU
		{1279DEE1-F226-4739-BEC8-B290371779F7}.Release|x86.ActiveCfg = Release|Any CPU
		{87FEE8D6-72C2-4B47-95FE-A563B7F659F9}.Debug|Any CPU.ActiveCfg = Debug|Any CPU
		{87FEE8D6-72C2-4B47-95FE-A563B7F659F9}.Debug|Any CPU.Build.0 = Debug|Any CPU
		{87FEE8D6-72C2-4B47-95FE-A563B7F659F9}.Debug|x86.ActiveCfg = Debug|Any CPU
		{87FEE8D6-72C2-4B47-95FE-A563B7F659F9}.Release|Any CPU.ActiveCfg = Release|Any CPU
		{87FEE8D6-72C2-4B47-95FE-A563B7F659F9}.Release|Any CPU.Build.0 = Release|Any CPU
		{87FEE8D6-72C2-4B47-95FE-A563B7F659F9}.Release|x86.ActiveCfg = Release|Any CPU
	EndGlobalSection
	GlobalSection(SolutionProperties) = preSolution
		HideSolutionNode = FALSE
	EndGlobalSection
	GlobalSection(ExtensibilityGlobals) = postSolution
		EnterpriseLibraryConfigurationToolBinariesPathV6 = packages\EnterpriseLibrary.Common.6.0.1304.0\lib\NET45;packages\EnterpriseLibrary.Logging.6.0.1304.0\lib\NET45;packages\EnterpriseLibrary.Data.6.0.1304.0\lib\NET45;packages\EnterpriseLibrary.Logging.Database.6.0.1304.0\lib\NET45
	EndGlobalSection
EndGlobal
